// !$*UTF8*$!
{
	archiveVersion = 1;
	classes = {
	};
	objectVersion = 51;
	objects = {

/* Begin PBXBuildFile section */
		9D20017824FDD25200B8FC50 /* AppDelegate.swift in Sources */ = {isa = PBXBuildFile; fileRef = 9D20017724FDD25200B8FC50 /* AppDelegate.swift */; };
		9D20017A24FDD25200B8FC50 /* SceneDelegate.swift in Sources */ = {isa = PBXBuildFile; fileRef = 9D20017924FDD25200B8FC50 /* SceneDelegate.swift */; };
		9D20017F24FDD25200B8FC50 /* Main.storyboard in Resources */ = {isa = PBXBuildFile; fileRef = 9D20017D24FDD25200B8FC50 /* Main.storyboard */; };
		9D20018124FDD25400B8FC50 /* Assets.xcassets in Resources */ = {isa = PBXBuildFile; fileRef = 9D20018024FDD25400B8FC50 /* Assets.xcassets */; };
		9D20018424FDD25400B8FC50 /* LaunchScreen.storyboard in Resources */ = {isa = PBXBuildFile; fileRef = 9D20018224FDD25400B8FC50 /* LaunchScreen.storyboard */; };
		9D20018C24FDD6B000B8FC50 /* GoogleService-Info.plist in Resources */ = {isa = PBXBuildFile; fileRef = 9D20018B24FDD6B000B8FC50 /* GoogleService-Info.plist */; };
		9D68714F250421C80032D1BE /* TipCell.swift in Sources */ = {isa = PBXBuildFile; fileRef = 9D68714E250421C80032D1BE /* TipCell.swift */; };
		9D68715125044A600032D1BE /* SupportViewController.swift in Sources */ = {isa = PBXBuildFile; fileRef = 9D68715025044A600032D1BE /* SupportViewController.swift */; };
		9D68715325045A4B0032D1BE /* NewHomeViewController.swift in Sources */ = {isa = PBXBuildFile; fileRef = 9D68715225045A4B0032D1BE /* NewHomeViewController.swift */; };
		9D68715525045CA30032D1BE /* Home.swift in Sources */ = {isa = PBXBuildFile; fileRef = 9D68715425045CA30032D1BE /* Home.swift */; };
		9D68715725050C230032D1BE /* MenuViewController.swift in Sources */ = {isa = PBXBuildFile; fileRef = 9D68715625050C230032D1BE /* MenuViewController.swift */; };
		9D6EB53C25051B8D00FB052B /* Profile.swift in Sources */ = {isa = PBXBuildFile; fileRef = 9D6EB53B25051B8D00FB052B /* Profile.swift */; };
		9D6EB54025052AAB00FB052B /* DAOFirebase.swift in Sources */ = {isa = PBXBuildFile; fileRef = 9D6EB53F25052AAB00FB052B /* DAOFirebase.swift */; };
		9D6EB5442505306300FB052B /* Model.swift in Sources */ = {isa = PBXBuildFile; fileRef = 9D6EB5432505306300FB052B /* Model.swift */; };
		9D6EB546250537A200FB052B /* Account.swift in Sources */ = {isa = PBXBuildFile; fileRef = 9D6EB545250537A100FB052B /* Account.swift */; };
		9DC0620E2501AB0C00FA8600 /* NewYorkSmallHeavy.otf in Resources */ = {isa = PBXBuildFile; fileRef = 9DC0620D2501AB0C00FA8600 /* NewYorkSmallHeavy.otf */; };
		9DC062102501B1B900FA8600 /* LoginViewController.swift in Sources */ = {isa = PBXBuildFile; fileRef = 9DC0620F2501B1B900FA8600 /* LoginViewController.swift */; };
		9DC062122501CAA500FA8600 /* TasksViewController.swift in Sources */ = {isa = PBXBuildFile; fileRef = 9DC062112501CAA500FA8600 /* TasksViewController.swift */; };
		9DC062142501CAC200FA8600 /* SummaryViewController.swift in Sources */ = {isa = PBXBuildFile; fileRef = 9DC062132501CAC200FA8600 /* SummaryViewController.swift */; };
		9DC062182501D07600FA8600 /* DaysCell.swift in Sources */ = {isa = PBXBuildFile; fileRef = 9DC062172501D07600FA8600 /* DaysCell.swift */; };
		9DC0621B2502768700FA8600 /* Task.swift in Sources */ = {isa = PBXBuildFile; fileRef = 9DC0621A2502768700FA8600 /* Task.swift */; };
		9DC0621D250277E800FA8600 /* TaskTableViewCell.swift in Sources */ = {isa = PBXBuildFile; fileRef = 9DC0621C250277E800FA8600 /* TaskTableViewCell.swift */; };
		9DC0621F2502E5AF00FA8600 /* NewTaskViewController.swift in Sources */ = {isa = PBXBuildFile; fileRef = 9DC0621E2502E5AF00FA8600 /* NewTaskViewController.swift */; };
		9DC062212502FCD600FA8600 /* DataPickerViewController.swift in Sources */ = {isa = PBXBuildFile; fileRef = 9DC062202502FCD600FA8600 /* DataPickerViewController.swift */; };
		9DC0622325030B7600FA8600 /* TaskPickerViewController.swift in Sources */ = {isa = PBXBuildFile; fileRef = 9DC0622225030B7600FA8600 /* TaskPickerViewController.swift */; };
		9DC062252503221700FA8600 /* TaskList.swift in Sources */ = {isa = PBXBuildFile; fileRef = 9DC062242503221700FA8600 /* TaskList.swift */; };
		9DC062292504133300FA8600 /* TipsViewController.swift in Sources */ = {isa = PBXBuildFile; fileRef = 9DC062282504133300FA8600 /* TipsViewController.swift */; };
		EA96B565F95F797625721AD8 /* Pods_MegaHack.framework in Frameworks */ = {isa = PBXBuildFile; fileRef = 917EA891DE21A1869180A4CD /* Pods_MegaHack.framework */; };
/* End PBXBuildFile section */

/* Begin PBXFileReference section */
		2395ABB41F77F5E6F512439D /* Pods-MegaHack.release.xcconfig */ = {isa = PBXFileReference; includeInIndex = 1; lastKnownFileType = text.xcconfig; name = "Pods-MegaHack.release.xcconfig"; path = "Target Support Files/Pods-MegaHack/Pods-MegaHack.release.xcconfig"; sourceTree = "<group>"; };
		70391941EBB5999F39C7EC8A /* Pods-MegaHack.debug.xcconfig */ = {isa = PBXFileReference; includeInIndex = 1; lastKnownFileType = text.xcconfig; name = "Pods-MegaHack.debug.xcconfig"; path = "Target Support Files/Pods-MegaHack/Pods-MegaHack.debug.xcconfig"; sourceTree = "<group>"; };
		917EA891DE21A1869180A4CD /* Pods_MegaHack.framework */ = {isa = PBXFileReference; explicitFileType = wrapper.framework; includeInIndex = 0; path = Pods_MegaHack.framework; sourceTree = BUILT_PRODUCTS_DIR; };
		9D20017424FDD25200B8FC50 /* MegaHack.app */ = {isa = PBXFileReference; explicitFileType = wrapper.application; includeInIndex = 0; path = MegaHack.app; sourceTree = BUILT_PRODUCTS_DIR; };
		9D20017724FDD25200B8FC50 /* AppDelegate.swift */ = {isa = PBXFileReference; lastKnownFileType = sourcecode.swift; path = AppDelegate.swift; sourceTree = "<group>"; };
		9D20017924FDD25200B8FC50 /* SceneDelegate.swift */ = {isa = PBXFileReference; lastKnownFileType = sourcecode.swift; path = SceneDelegate.swift; sourceTree = "<group>"; };
		9D20017E24FDD25200B8FC50 /* Base */ = {isa = PBXFileReference; lastKnownFileType = file.storyboard; name = Base; path = Base.lproj/Main.storyboard; sourceTree = "<group>"; };
		9D20018024FDD25400B8FC50 /* Assets.xcassets */ = {isa = PBXFileReference; lastKnownFileType = folder.assetcatalog; path = Assets.xcassets; sourceTree = "<group>"; };
		9D20018324FDD25400B8FC50 /* Base */ = {isa = PBXFileReference; lastKnownFileType = file.storyboard; name = Base; path = Base.lproj/LaunchScreen.storyboard; sourceTree = "<group>"; };
		9D20018524FDD25400B8FC50 /* Info.plist */ = {isa = PBXFileReference; lastKnownFileType = text.plist.xml; path = Info.plist; sourceTree = "<group>"; };
		9D20018B24FDD6B000B8FC50 /* GoogleService-Info.plist */ = {isa = PBXFileReference; fileEncoding = 4; lastKnownFileType = text.plist.xml; path = "GoogleService-Info.plist"; sourceTree = "<group>"; };
		9D68714E250421C80032D1BE /* TipCell.swift */ = {isa = PBXFileReference; lastKnownFileType = sourcecode.swift; path = TipCell.swift; sourceTree = "<group>"; };
		9D68715025044A600032D1BE /* SupportViewController.swift */ = {isa = PBXFileReference; lastKnownFileType = sourcecode.swift; path = SupportViewController.swift; sourceTree = "<group>"; };
		9D68715225045A4B0032D1BE /* NewHomeViewController.swift */ = {isa = PBXFileReference; lastKnownFileType = sourcecode.swift; path = NewHomeViewController.swift; sourceTree = "<group>"; };
		9D68715425045CA30032D1BE /* Home.swift */ = {isa = PBXFileReference; lastKnownFileType = sourcecode.swift; path = Home.swift; sourceTree = "<group>"; };
		9D68715625050C230032D1BE /* MenuViewController.swift */ = {isa = PBXFileReference; lastKnownFileType = sourcecode.swift; path = MenuViewController.swift; sourceTree = "<group>"; };
		9D6EB53B25051B8D00FB052B /* Profile.swift */ = {isa = PBXFileReference; lastKnownFileType = sourcecode.swift; path = Profile.swift; sourceTree = "<group>"; };
		9D6EB53F25052AAB00FB052B /* DAOFirebase.swift */ = {isa = PBXFileReference; lastKnownFileType = sourcecode.swift; path = DAOFirebase.swift; sourceTree = "<group>"; };
		9D6EB5432505306300FB052B /* Model.swift */ = {isa = PBXFileReference; lastKnownFileType = sourcecode.swift; path = Model.swift; sourceTree = "<group>"; };
		9D6EB545250537A100FB052B /* Account.swift */ = {isa = PBXFileReference; lastKnownFileType = sourcecode.swift; path = Account.swift; sourceTree = "<group>"; };
		9DC0620D2501AB0C00FA8600 /* NewYorkSmallHeavy.otf */ = {isa = PBXFileReference; lastKnownFileType = file; path = NewYorkSmallHeavy.otf; sourceTree = "<group>"; };
		9DC0620F2501B1B900FA8600 /* LoginViewController.swift */ = {isa = PBXFileReference; lastKnownFileType = sourcecode.swift; path = LoginViewController.swift; sourceTree = "<group>"; };
		9DC062112501CAA500FA8600 /* TasksViewController.swift */ = {isa = PBXFileReference; lastKnownFileType = sourcecode.swift; path = TasksViewController.swift; sourceTree = "<group>"; };
		9DC062132501CAC200FA8600 /* SummaryViewController.swift */ = {isa = PBXFileReference; lastKnownFileType = sourcecode.swift; path = SummaryViewController.swift; sourceTree = "<group>"; };
		9DC062172501D07600FA8600 /* DaysCell.swift */ = {isa = PBXFileReference; lastKnownFileType = sourcecode.swift; path = DaysCell.swift; sourceTree = "<group>"; };
		9DC0621925025FDC00FA8600 /* MegaHack.entitlements */ = {isa = PBXFileReference; lastKnownFileType = text.plist.entitlements; path = MegaHack.entitlements; sourceTree = "<group>"; };
		9DC0621A2502768700FA8600 /* Task.swift */ = {isa = PBXFileReference; lastKnownFileType = sourcecode.swift; path = Task.swift; sourceTree = "<group>"; };
		9DC0621C250277E800FA8600 /* TaskTableViewCell.swift */ = {isa = PBXFileReference; lastKnownFileType = sourcecode.swift; path = TaskTableViewCell.swift; sourceTree = "<group>"; };
		9DC0621E2502E5AF00FA8600 /* NewTaskViewController.swift */ = {isa = PBXFileReference; lastKnownFileType = sourcecode.swift; path = NewTaskViewController.swift; sourceTree = "<group>"; };
		9DC062202502FCD600FA8600 /* DataPickerViewController.swift */ = {isa = PBXFileReference; lastKnownFileType = sourcecode.swift; path = DataPickerViewController.swift; sourceTree = "<group>"; };
		9DC0622225030B7600FA8600 /* TaskPickerViewController.swift */ = {isa = PBXFileReference; lastKnownFileType = sourcecode.swift; path = TaskPickerViewController.swift; sourceTree = "<group>"; };
		9DC062242503221700FA8600 /* TaskList.swift */ = {isa = PBXFileReference; lastKnownFileType = sourcecode.swift; path = TaskList.swift; sourceTree = "<group>"; };
		9DC062282504133300FA8600 /* TipsViewController.swift */ = {isa = PBXFileReference; lastKnownFileType = sourcecode.swift; path = TipsViewController.swift; sourceTree = "<group>"; };
/* End PBXFileReference section */

/* Begin PBXFrameworksBuildPhase section */
		9D20017124FDD25200B8FC50 /* Frameworks */ = {
			isa = PBXFrameworksBuildPhase;
			buildActionMask = 2147483647;
			files = (
				EA96B565F95F797625721AD8 /* Pods_MegaHack.framework in Frameworks */,
			);
			runOnlyForDeploymentPostprocessing = 0;
		};
/* End PBXFrameworksBuildPhase section */

/* Begin PBXGroup section */
		68838B8D642A1D0A6DC201AC /* Frameworks */ = {
			isa = PBXGroup;
			children = (
				917EA891DE21A1869180A4CD /* Pods_MegaHack.framework */,
			);
			name = Frameworks;
			sourceTree = "<group>";
		};
		9D20016B24FDD25200B8FC50 = {
			isa = PBXGroup;
			children = (
				9D20017624FDD25200B8FC50 /* MegaHack */,
				9D20017524FDD25200B8FC50 /* Products */,
				F450828A5103003AE62886E4 /* Pods */,
				68838B8D642A1D0A6DC201AC /* Frameworks */,
			);
			sourceTree = "<group>";
		};
		9D20017524FDD25200B8FC50 /* Products */ = {
			isa = PBXGroup;
			children = (
				9D20017424FDD25200B8FC50 /* MegaHack.app */,
			);
			name = Products;
			sourceTree = "<group>";
		};
		9D20017624FDD25200B8FC50 /* MegaHack */ = {
			isa = PBXGroup;
			children = (
				9DC0621925025FDC00FA8600 /* MegaHack.entitlements */,
				9DC0620B2501AAEA00FA8600 /* Resources */,
				9D20017724FDD25200B8FC50 /* AppDelegate.swift */,
				9D20017924FDD25200B8FC50 /* SceneDelegate.swift */,
				9D20017D24FDD25200B8FC50 /* Main.storyboard */,
				9D20018024FDD25400B8FC50 /* Assets.xcassets */,
				9D20018224FDD25400B8FC50 /* LaunchScreen.storyboard */,
				9D20018524FDD25400B8FC50 /* Info.plist */,
				9D20018B24FDD6B000B8FC50 /* GoogleService-Info.plist */,
				9DC0620F2501B1B900FA8600 /* LoginViewController.swift */,
				9DC062112501CAA500FA8600 /* TasksViewController.swift */,
				9DC062132501CAC200FA8600 /* SummaryViewController.swift */,
				9DC062172501D07600FA8600 /* DaysCell.swift */,
				9DC0621A2502768700FA8600 /* Task.swift */,
				9DC0621C250277E800FA8600 /* TaskTableViewCell.swift */,
				9DC0621E2502E5AF00FA8600 /* NewTaskViewController.swift */,
				9DC062202502FCD600FA8600 /* DataPickerViewController.swift */,
				9DC0622225030B7600FA8600 /* TaskPickerViewController.swift */,
				9DC062242503221700FA8600 /* TaskList.swift */,
				9DC062282504133300FA8600 /* TipsViewController.swift */,
				9D68714E250421C80032D1BE /* TipCell.swift */,
				9D68715025044A600032D1BE /* SupportViewController.swift */,
				9D68715225045A4B0032D1BE /* NewHomeViewController.swift */,
				9D68715425045CA30032D1BE /* Home.swift */,
				9D68715625050C230032D1BE /* MenuViewController.swift */,
				9D6EB53B25051B8D00FB052B /* Profile.swift */,
				9D6EB53F25052AAB00FB052B /* DAOFirebase.swift */,
				9D6EB5432505306300FB052B /* Model.swift */,
				9D6EB545250537A100FB052B /* Account.swift */,
			);
			path = MegaHack;
			sourceTree = "<group>";
		};
		9DC0620B2501AAEA00FA8600 /* Resources */ = {
			isa = PBXGroup;
			children = (
				9DC0620C2501AAFF00FA8600 /* Fonts */,
			);
			path = Resources;
			sourceTree = "<group>";
		};
		9DC0620C2501AAFF00FA8600 /* Fonts */ = {
			isa = PBXGroup;
			children = (
				9DC0620D2501AB0C00FA8600 /* NewYorkSmallHeavy.otf */,
			);
			path = Fonts;
			sourceTree = "<group>";
		};
		F450828A5103003AE62886E4 /* Pods */ = {
			isa = PBXGroup;
			children = (
				70391941EBB5999F39C7EC8A /* Pods-MegaHack.debug.xcconfig */,
				2395ABB41F77F5E6F512439D /* Pods-MegaHack.release.xcconfig */,
			);
			path = Pods;
			sourceTree = "<group>";
		};
/* End PBXGroup section */

/* Begin PBXNativeTarget section */
		9D20017324FDD25200B8FC50 /* MegaHack */ = {
			isa = PBXNativeTarget;
			buildConfigurationList = 9D20018824FDD25400B8FC50 /* Build configuration list for PBXNativeTarget "MegaHack" */;
			buildPhases = (
				3FC36B38AB02DAA97CB4134A /* [CP] Check Pods Manifest.lock */,
				9D20017024FDD25200B8FC50 /* Sources */,
				9D20017124FDD25200B8FC50 /* Frameworks */,
				9D20017224FDD25200B8FC50 /* Resources */,
				4973F83E87DCBC5ED2B0BF31 /* [CP] Embed Pods Frameworks */,
				9045FC4B4771657E162CCB97 /* [CP] Copy Pods Resources */,
			);
			buildRules = (
			);
			dependencies = (
			);
			name = MegaHack;
			productName = MegaHack;
			productReference = 9D20017424FDD25200B8FC50 /* MegaHack.app */;
			productType = "com.apple.product-type.application";
		};
/* End PBXNativeTarget section */

/* Begin PBXProject section */
		9D20016C24FDD25200B8FC50 /* Project object */ = {
			isa = PBXProject;
			attributes = {
				LastSwiftUpdateCheck = 1160;
				LastUpgradeCheck = 1160;
				ORGANIZATIONNAME = "Apple Developer Academy";
				TargetAttributes = {
					9D20017324FDD25200B8FC50 = {
						CreatedOnToolsVersion = 11.6;
					};
				};
			};
			buildConfigurationList = 9D20016F24FDD25200B8FC50 /* Build configuration list for PBXProject "MegaHack" */;
			compatibilityVersion = "Xcode 9.3";
			developmentRegion = en;
			hasScannedForEncodings = 0;
			knownRegions = (
				en,
				Base,
			);
			mainGroup = 9D20016B24FDD25200B8FC50;
			productRefGroup = 9D20017524FDD25200B8FC50 /* Products */;
			projectDirPath = "";
			projectRoot = "";
			targets = (
				9D20017324FDD25200B8FC50 /* MegaHack */,
			);
		};
/* End PBXProject section */

/* Begin PBXResourcesBuildPhase section */
		9D20017224FDD25200B8FC50 /* Resources */ = {
			isa = PBXResourcesBuildPhase;
			buildActionMask = 2147483647;
			files = (
				9D20018424FDD25400B8FC50 /* LaunchScreen.storyboard in Resources */,
				9DC0620E2501AB0C00FA8600 /* NewYorkSmallHeavy.otf in Resources */,
				9D20018C24FDD6B000B8FC50 /* GoogleService-Info.plist in Resources */,
				9D20018124FDD25400B8FC50 /* Assets.xcassets in Resources */,
				9D20017F24FDD25200B8FC50 /* Main.storyboard in Resources */,
			);
			runOnlyForDeploymentPostprocessing = 0;
		};
/* End PBXResourcesBuildPhase section */

/* Begin PBXShellScriptBuildPhase section */
		3FC36B38AB02DAA97CB4134A /* [CP] Check Pods Manifest.lock */ = {
			isa = PBXShellScriptBuildPhase;
			buildActionMask = 2147483647;
			files = (
			);
			inputFileListPaths = (
			);
			inputPaths = (
				"${PODS_PODFILE_DIR_PATH}/Podfile.lock",
				"${PODS_ROOT}/Manifest.lock",
			);
			name = "[CP] Check Pods Manifest.lock";
			outputFileListPaths = (
			);
			outputPaths = (
				"$(DERIVED_FILE_DIR)/Pods-MegaHack-checkManifestLockResult.txt",
			);
			runOnlyForDeploymentPostprocessing = 0;
			shellPath = /bin/sh;
			shellScript = "diff \"${PODS_PODFILE_DIR_PATH}/Podfile.lock\" \"${PODS_ROOT}/Manifest.lock\" > /dev/null\nif [ $? != 0 ] ; then\n    # print error to STDERR\n    echo \"error: The sandbox is not in sync with the Podfile.lock. Run 'pod install' or update your CocoaPods installation.\" >&2\n    exit 1\nfi\n# This output is used by Xcode 'outputs' to avoid re-running this script phase.\necho \"SUCCESS\" > \"${SCRIPT_OUTPUT_FILE_0}\"\n";
			showEnvVarsInLog = 0;
		};
		4973F83E87DCBC5ED2B0BF31 /* [CP] Embed Pods Frameworks */ = {
			isa = PBXShellScriptBuildPhase;
			buildActionMask = 2147483647;
			files = (
			);
			inputFileListPaths = (
				"${PODS_ROOT}/Target Support Files/Pods-MegaHack/Pods-MegaHack-frameworks-${CONFIGURATION}-input-files.xcfilelist",
			);
			name = "[CP] Embed Pods Frameworks";
			outputFileListPaths = (
				"${PODS_ROOT}/Target Support Files/Pods-MegaHack/Pods-MegaHack-frameworks-${CONFIGURATION}-output-files.xcfilelist",
			);
			runOnlyForDeploymentPostprocessing = 0;
			shellPath = /bin/sh;
			shellScript = "\"${PODS_ROOT}/Target Support Files/Pods-MegaHack/Pods-MegaHack-frameworks.sh\"\n";
			showEnvVarsInLog = 0;
		};
		9045FC4B4771657E162CCB97 /* [CP] Copy Pods Resources */ = {
			isa = PBXShellScriptBuildPhase;
			buildActionMask = 2147483647;
			files = (
			);
			inputFileListPaths = (
				"${PODS_ROOT}/Target Support Files/Pods-MegaHack/Pods-MegaHack-resources-${CONFIGURATION}-input-files.xcfilelist",
			);
			name = "[CP] Copy Pods Resources";
			outputFileListPaths = (
				"${PODS_ROOT}/Target Support Files/Pods-MegaHack/Pods-MegaHack-resources-${CONFIGURATION}-output-files.xcfilelist",
			);
			runOnlyForDeploymentPostprocessing = 0;
			shellPath = /bin/sh;
			shellScript = "\"${PODS_ROOT}/Target Support Files/Pods-MegaHack/Pods-MegaHack-resources.sh\"\n";
			showEnvVarsInLog = 0;
		};
/* End PBXShellScriptBuildPhase section */

/* Begin PBXSourcesBuildPhase section */
		9D20017024FDD25200B8FC50 /* Sources */ = {
			isa = PBXSourcesBuildPhase;
			buildActionMask = 2147483647;
			files = (
				9DC062252503221700FA8600 /* TaskList.swift in Sources */,
				9D6EB54025052AAB00FB052B /* DAOFirebase.swift in Sources */,
				9D6EB53C25051B8D00FB052B /* Profile.swift in Sources */,
				9DC0622325030B7600FA8600 /* TaskPickerViewController.swift in Sources */,
				9D68715125044A600032D1BE /* SupportViewController.swift in Sources */,
				9D6EB546250537A200FB052B /* Account.swift in Sources */,
				9DC062292504133300FA8600 /* TipsViewController.swift in Sources */,
				9D68715525045CA30032D1BE /* Home.swift in Sources */,
				9D68715325045A4B0032D1BE /* NewHomeViewController.swift in Sources */,
				9DC062212502FCD600FA8600 /* DataPickerViewController.swift in Sources */,
				9DC0621D250277E800FA8600 /* TaskTableViewCell.swift in Sources */,
				9DC062182501D07600FA8600 /* DaysCell.swift in Sources */,
				9D68714F250421C80032D1BE /* TipCell.swift in Sources */,
				9DC062102501B1B900FA8600 /* LoginViewController.swift in Sources */,
				9D6EB5442505306300FB052B /* Model.swift in Sources */,
				9DC062122501CAA500FA8600 /* TasksViewController.swift in Sources */,
				9DC0621F2502E5AF00FA8600 /* NewTaskViewController.swift in Sources */,
				9D68715725050C230032D1BE /* MenuViewController.swift in Sources */,
				9D20017824FDD25200B8FC50 /* AppDelegate.swift in Sources */,
				9D20017A24FDD25200B8FC50 /* SceneDelegate.swift in Sources */,
				9DC0621B2502768700FA8600 /* Task.swift in Sources */,
				9DC062142501CAC200FA8600 /* SummaryViewController.swift in Sources */,
			);
			runOnlyForDeploymentPostprocessing = 0;
		};
/* End PBXSourcesBuildPhase section */

/* Begin PBXVariantGroup section */
		9D20017D24FDD25200B8FC50 /* Main.storyboard */ = {
			isa = PBXVariantGroup;
			children = (
				9D20017E24FDD25200B8FC50 /* Base */,
			);
			name = Main.storyboard;
			sourceTree = "<group>";
		};
		9D20018224FDD25400B8FC50 /* LaunchScreen.storyboard */ = {
			isa = PBXVariantGroup;
			children = (
				9D20018324FDD25400B8FC50 /* Base */,
			);
			name = LaunchScreen.storyboard;
			sourceTree = "<group>";
		};
/* End PBXVariantGroup section */

/* Begin XCBuildConfiguration section */
		9D20018624FDD25400B8FC50 /* Debug */ = {
			isa = XCBuildConfiguration;
			buildSettings = {
				ALWAYS_SEARCH_USER_PATHS = NO;
				CLANG_ANALYZER_NONNULL = YES;
				CLANG_ANALYZER_NUMBER_OBJECT_CONVERSION = YES_AGGRESSIVE;
				CLANG_CXX_LANGUAGE_STANDARD = "gnu++14";
				CLANG_CXX_LIBRARY = "libc++";
				CLANG_ENABLE_MODULES = YES;
				CLANG_ENABLE_OBJC_ARC = YES;
				CLANG_ENABLE_OBJC_WEAK = YES;
				CLANG_WARN_BLOCK_CAPTURE_AUTORELEASING = YES;
				CLANG_WARN_BOOL_CONVERSION = YES;
				CLANG_WARN_COMMA = YES;
				CLANG_WARN_CONSTANT_CONVERSION = YES;
				CLANG_WARN_DEPRECATED_OBJC_IMPLEMENTATIONS = YES;
				CLANG_WARN_DIRECT_OBJC_ISA_USAGE = YES_ERROR;
				CLANG_WARN_DOCUMENTATION_COMMENTS = YES;
				CLANG_WARN_EMPTY_BODY = YES;
				CLANG_WARN_ENUM_CONVERSION = YES;
				CLANG_WARN_INFINITE_RECURSION = YES;
				CLANG_WARN_INT_CONVERSION = YES;
				CLANG_WARN_NON_LITERAL_NULL_CONVERSION = YES;
				CLANG_WARN_OBJC_IMPLICIT_RETAIN_SELF = YES;
				CLANG_WARN_OBJC_LITERAL_CONVERSION = YES;
				CLANG_WARN_OBJC_ROOT_CLASS = YES_ERROR;
				CLANG_WARN_RANGE_LOOP_ANALYSIS = YES;
				CLANG_WARN_STRICT_PROTOTYPES = YES;
				CLANG_WARN_SUSPICIOUS_MOVE = YES;
				CLANG_WARN_UNGUARDED_AVAILABILITY = YES_AGGRESSIVE;
				CLANG_WARN_UNREACHABLE_CODE = YES;
				CLANG_WARN__DUPLICATE_METHOD_MATCH = YES;
				COPY_PHASE_STRIP = NO;
				DEBUG_INFORMATION_FORMAT = dwarf;
				ENABLE_STRICT_OBJC_MSGSEND = YES;
				ENABLE_TESTABILITY = YES;
				GCC_C_LANGUAGE_STANDARD = gnu11;
				GCC_DYNAMIC_NO_PIC = NO;
				GCC_NO_COMMON_BLOCKS = YES;
				GCC_OPTIMIZATION_LEVEL = 0;
				GCC_PREPROCESSOR_DEFINITIONS = (
					"DEBUG=1",
					"$(inherited)",
				);
				GCC_WARN_64_TO_32_BIT_CONVERSION = YES;
				GCC_WARN_ABOUT_RETURN_TYPE = YES_ERROR;
				GCC_WARN_UNDECLARED_SELECTOR = YES;
				GCC_WARN_UNINITIALIZED_AUTOS = YES_AGGRESSIVE;
				GCC_WARN_UNUSED_FUNCTION = YES;
				GCC_WARN_UNUSED_VARIABLE = YES;
				IPHONEOS_DEPLOYMENT_TARGET = 13.6;
				MTL_ENABLE_DEBUG_INFO = INCLUDE_SOURCE;
				MTL_FAST_MATH = YES;
				ONLY_ACTIVE_ARCH = YES;
				SDKROOT = iphoneos;
				SWIFT_ACTIVE_COMPILATION_CONDITIONS = DEBUG;
				SWIFT_OPTIMIZATION_LEVEL = "-Onone";
			};
			name = Debug;
		};
		9D20018724FDD25400B8FC50 /* Release */ = {
			isa = XCBuildConfiguration;
			buildSettings = {
				ALWAYS_SEARCH_USER_PATHS = NO;
				CLANG_ANALYZER_NONNULL = YES;
				CLANG_ANALYZER_NUMBER_OBJECT_CONVERSION = YES_AGGRESSIVE;
				CLANG_CXX_LANGUAGE_STANDARD = "gnu++14";
				CLANG_CXX_LIBRARY = "libc++";
				CLANG_ENABLE_MODULES = YES;
				CLANG_ENABLE_OBJC_ARC = YES;
				CLANG_ENABLE_OBJC_WEAK = YES;
				CLANG_WARN_BLOCK_CAPTURE_AUTORELEASING = YES;
				CLANG_WARN_BOOL_CONVERSION = YES;
				CLANG_WARN_COMMA = YES;
				CLANG_WARN_CONSTANT_CONVERSION = YES;
				CLANG_WARN_DEPRECATED_OBJC_IMPLEMENTATIONS = YES;
				CLANG_WARN_DIRECT_OBJC_ISA_USAGE = YES_ERROR;
				CLANG_WARN_DOCUMENTATION_COMMENTS = YES;
				CLANG_WARN_EMPTY_BODY = YES;
				CLANG_WARN_ENUM_CONVERSION = YES;
				CLANG_WARN_INFINITE_RECURSION = YES;
				CLANG_WARN_INT_CONVERSION = YES;
				CLANG_WARN_NON_LITERAL_NULL_CONVERSION = YES;
				CLANG_WARN_OBJC_IMPLICIT_RETAIN_SELF = YES;
				CLANG_WARN_OBJC_LITERAL_CONVERSION = YES;
				CLANG_WARN_OBJC_ROOT_CLASS = YES_ERROR;
				CLANG_WARN_RANGE_LOOP_ANALYSIS = YES;
				CLANG_WARN_STRICT_PROTOTYPES = YES;
				CLANG_WARN_SUSPICIOUS_MOVE = YES;
				CLANG_WARN_UNGUARDED_AVAILABILITY = YES_AGGRESSIVE;
				CLANG_WARN_UNREACHABLE_CODE = YES;
				CLANG_WARN__DUPLICATE_METHOD_MATCH = YES;
				COPY_PHASE_STRIP = NO;
				DEBUG_INFORMATION_FORMAT = "dwarf-with-dsym";
				ENABLE_NS_ASSERTIONS = NO;
				ENABLE_STRICT_OBJC_MSGSEND = YES;
				GCC_C_LANGUAGE_STANDARD = gnu11;
				GCC_NO_COMMON_BLOCKS = YES;
				GCC_WARN_64_TO_32_BIT_CONVERSION = YES;
				GCC_WARN_ABOUT_RETURN_TYPE = YES_ERROR;
				GCC_WARN_UNDECLARED_SELECTOR = YES;
				GCC_WARN_UNINITIALIZED_AUTOS = YES_AGGRESSIVE;
				GCC_WARN_UNUSED_FUNCTION = YES;
				GCC_WARN_UNUSED_VARIABLE = YES;
				IPHONEOS_DEPLOYMENT_TARGET = 13.6;
				MTL_ENABLE_DEBUG_INFO = NO;
				MTL_FAST_MATH = YES;
				SDKROOT = iphoneos;
				SWIFT_COMPILATION_MODE = wholemodule;
				SWIFT_OPTIMIZATION_LEVEL = "-O";
				VALIDATE_PRODUCT = YES;
			};
			name = Release;
		};
		9D20018924FDD25400B8FC50 /* Debug */ = {
			isa = XCBuildConfiguration;
			baseConfigurationReference = 70391941EBB5999F39C7EC8A /* Pods-MegaHack.debug.xcconfig */;
			buildSettings = {
				ASSETCATALOG_COMPILER_APPICON_NAME = AppIcon;
				CODE_SIGN_ENTITLEMENTS = MegaHack/MegaHack.entitlements;
				CODE_SIGN_STYLE = Automatic;
				DEVELOPMENT_TEAM = 725HB8W2V6;
				INFOPLIST_FILE = MegaHack/Info.plist;
				IPHONEOS_DEPLOYMENT_TARGET = 13.0;
				LD_RUNPATH_SEARCH_PATHS = (
					"$(inherited)",
					"@executable_path/Frameworks",
				);
				PRODUCT_BUNDLE_IDENTIFIER = br.com.academy.megahack;
				PRODUCT_NAME = "$(TARGET_NAME)";
				SWIFT_VERSION = 5.0;
				TARGETED_DEVICE_FAMILY = 1;
			};
			name = Debug;
		};
		9D20018A24FDD25400B8FC50 /* Release */ = {
			isa = XCBuildConfiguration;
			baseConfigurationReference = 2395ABB41F77F5E6F512439D /* Pods-MegaHack.release.xcconfig */;
			buildSettings = {
				ASSETCATALOG_COMPILER_APPICON_NAME = AppIcon;
				CODE_SIGN_ENTITLEMENTS = MegaHack/MegaHack.entitlements;
				CODE_SIGN_STYLE = Automatic;
				DEVELOPMENT_TEAM = 725HB8W2V6;
				INFOPLIST_FILE = MegaHack/Info.plist;
				IPHONEOS_DEPLOYMENT_TARGET = 13.0;
				LD_RUNPATH_SEARCH_PATHS = (
					"$(inherited)",
					"@executable_path/Frameworks",
				);
				PRODUCT_BUNDLE_IDENTIFIER = br.com.academy.megahack;
				PRODUCT_NAME = "$(TARGET_NAME)";
				SWIFT_VERSION = 5.0;
				TARGETED_DEVICE_FAMILY = 1;
			};
			name = Release;
		};
/* End XCBuildConfiguration section */

/* Begin XCConfigurationList section */
		9D20016F24FDD25200B8FC50 /* Build configuration list for PBXProject "MegaHack" */ = {
			isa = XCConfigurationList;
			buildConfigurations = (
				9D20018624FDD25400B8FC50 /* Debug */,
				9D20018724FDD25400B8FC50 /* Release */,
			);
			defaultConfigurationIsVisible = 0;
			defaultConfigurationName = Release;
		};
		9D20018824FDD25400B8FC50 /* Build configuration list for PBXNativeTarget "MegaHack" */ = {
			isa = XCConfigurationList;
			buildConfigurations = (
				9D20018924FDD25400B8FC50 /* Debug */,
				9D20018A24FDD25400B8FC50 /* Release */,
			);
			defaultConfigurationIsVisible = 0;
			defaultConfigurationName = Release;
		};
/* End XCConfigurationList section */
	};
	rootObject = 9D20016C24FDD25200B8FC50 /* Project object */;
}
